{
  "name": "feathers-woot",
  "version": "1.0.0",
  "lockfileVersion": 1,
  "requires": true,
  "dependencies": {
    "@feathersjs/commons": {
      "version": "1.4.1",
      "resolved": "https://registry.npmjs.org/@feathersjs/commons/-/commons-1.4.1.tgz",
      "integrity": "sha512-hs3Tz0JV/nwd14B9s+mv4SG+Tll9pDxqEn2wuc5CzL4I2vc1+EnwnhpOkokvQMTAdzsaxwOLoQ4y1BPm6WmMNA=="
    },
    "@feathersjs/feathers": {
      "version": "github:feathersjs/feathers#6b05a118792e4bb92d1a76f76a9962017e915144",
      "from": "github:feathersjs/feathers",
      "requires": {
        "@feathersjs/commons": "^1.4.1",
        "debug": "^3.1.0",
        "events": "^3.0.0",
        "uberproto": "^2.0.2"
      }
    },
    "debug": {
      "version": "3.1.0",
      "resolved": "https://registry.npmjs.org/debug/-/debug-3.1.0.tgz",
      "integrity": "sha512-OX8XqP7/1a9cqkxYw2yXss15f26NKWBpDXQd0/uK/KPqdQhxbPa994hnzjcE2VqQpDslf55723cKPUOGSmMY3g==",
      "requires": {
        "ms": "2.0.0"
      }
    },
    "events": {
      "version": "3.0.0",
      "resolved": "https://registry.npmjs.org/events/-/events-3.0.0.tgz",
      "integrity": "sha512-Dc381HFWJzEOhQ+d8pkNon++bk9h6cdAoAj4iE6Q4y6xgTzySWXlKn05/TVNpjnfRqi/X0EpJEJohPjNI3zpVA=="
    },
    "ms": {
      "version": "2.0.0",
      "resolved": "https://registry.npmjs.org/ms/-/ms-2.0.0.tgz",
      "integrity": "sha1-VgiurfwAvmwpAd9fmGF4jeDVl8g="
    },
    "uberproto": {
      "version": "2.0.3",
      "resolved": "https://registry.npmjs.org/uberproto/-/uberproto-2.0.3.tgz",
      "integrity": "sha512-TFEyMv0ofimpBPmm7iFuInqcQyGgAd2E3oAUxXRk+7amilcrQ+/Ql/DxwxNRWciS7mHLX5Qog0FQ7r5X8mI+RQ=="
    }
  }
}
